
Microsoft Visual Studio Solution File, Format Version 12.00
# Visual Studio 15
VisualStudioVersion = 15.0.26730.16
MinimumVisualStudioVersion = 10.0.40219.1
Project("{00D1A9C2-B5F0-4AF3-8072-F6C62B433612}") = "Example.Database", "src\Example.Database\Example.Database.sqlproj", "{E975D282-3E37-4604-B7C0-490CFD32D242}"
EndProject
Project("{9A19103F-16F7-4668-BE54-9A1E7A4F7556}") = "Example.Dto", "src\Example.Dto\Example.Dto.csproj", "{4BBB189A-4D66-4644-B7E9-F1AF6663DD7D}"
EndProject
Project("{9A19103F-16F7-4668-BE54-9A1E7A4F7556}") = "Example.Models", "src\Example.Models\Example.Models.csproj", "{508E3045-E55F-406A-A5C6-1E5A9051FD00}"
EndProject
Project("{9A19103F-16F7-4668-BE54-9A1E7A4F7556}") = "Example.Repositories", "src\Example.Repositories\Example.Repositories.csproj", "{E7CCCE4C-2231-4926-A6AD-FA02EB20B7C0}"
EndProject
Project("{9A19103F-16F7-4668-BE54-9A1E7A4F7556}") = "Example.Repositories.Interfaces", "src\Example.Repositories.Interfaces\Example.Repositories.Interfaces.csproj", "{E980CB48-E18D-4269-84AD-1CEACFBB2BA0}"
EndProject
Project("{9A19103F-16F7-4668-BE54-9A1E7A4F7556}") = "Example.Services", "src\Example.Services\Example.Services.csproj", "{C3B47263-8752-4B3A-9666-B502C387221A}"
EndProject
Project("{9A19103F-16F7-4668-BE54-9A1E7A4F7556}") = "Example.Services.Interfaces", "src\Example.Services.Interfaces\Example.Services.Interfaces.csproj", "{C6359660-7D0C-4974-987A-E9F949952B1B}"
EndProject
Project("{9A19103F-16F7-4668-BE54-9A1E7A4F7556}") = "Example.Web", "src\Example.Web\Example.Web.csproj", "{9257A653-94EE-45E9-9993-3BC9EA52DB71}"
EndProject
Global
	GlobalSection(SolutionConfigurationPlatforms) = preSolution
		Debug|Any CPU = Debug|Any CPU
		Release|Any CPU = Release|Any CPU
	EndGlobalSection
	GlobalSection(ProjectConfigurationPlatforms) = postSolution
		{E975D282-3E37-4604-B7C0-490CFD32D242}.Debug|Any CPU.ActiveCfg = Debug|Any CPU
		{E975D282-3E37-4604-B7C0-490CFD32D242}.Release|Any CPU.ActiveCfg = Release|Any CPU
		{E975D282-3E37-4604-B7C0-490CFD32D242}.Release|Any CPU.Build.0 = Release|Any CPU
		{E975D282-3E37-4604-B7C0-490CFD32D242}.Release|Any CPU.Deploy.0 = Release|Any CPU
		{4BBB189A-4D66-4644-B7E9-F1AF6663DD7D}.Debug|Any CPU.ActiveCfg = Debug|Any CPU
		{4BBB189A-4D66-4644-B7E9-F1AF6663DD7D}.Debug|Any CPU.Build.0 = Debug|Any CPU
		{4BBB189A-4D66-4644-B7E9-F1AF6663DD7D}.Release|Any CPU.ActiveCfg = Release|Any CPU
		{4BBB189A-4D66-4644-B7E9-F1AF6663DD7D}.Release|Any CPU.Build.0 = Release|Any CPU
		{508E3045-E55F-406A-A5C6-1E5A9051FD00}.Debug|Any CPU.ActiveCfg = Debug|Any CPU
		{508E3045-E55F-406A-A5C6-1E5A9051FD00}.Debug|Any CPU.Build.0 = Debug|Any CPU
		{508E3045-E55F-406A-A5C6-1E5A9051FD00}.Release|Any CPU.ActiveCfg = Release|Any CPU
		{508E3045-E55F-406A-A5C6-1E5A9051FD00}.Release|Any CPU.Build.0 = Release|Any CPU
		{E7CCCE4C-2231-4926-A6AD-FA02EB20B7C0}.Debug|Any CPU.ActiveCfg = Debug|Any CPU
		{E7CCCE4C-2231-4926-A6AD-FA02EB20B7C0}.Debug|Any CPU.Build.0 = Debug|Any CPU
		{E7CCCE4C-2231-4926-A6AD-FA02EB20B7C0}.Release|Any CPU.ActiveCfg = Release|Any CPU
		{E7CCCE4C-2231-4926-A6AD-FA02EB20B7C0}.Release|Any CPU.Build.0 = Release|Any CPU
		{E980CB48-E18D-4269-84AD-1CEACFBB2BA0}.Debug|Any CPU.ActiveCfg = Debug|Any CPU
		{E980CB48-E18D-4269-84AD-1CEACFBB2BA0}.Debug|Any CPU.Build.0 = Debug|Any CPU
		{E980CB48-E18D-4269-84AD-1CEACFBB2BA0}.Release|Any CPU.ActiveCfg = Release|Any CPU
		{E980CB48-E18D-4269-84AD-1CEACFBB2BA0}.Release|Any CPU.Build.0 = Release|Any CPU
		{C3B47263-8752-4B3A-9666-B502C387221A}.Debug|Any CPU.ActiveCfg = Debug|Any CPU
		{C3B47263-8752-4B3A-9666-B502C387221A}.Debug|Any CPU.Build.0 = Debug|Any CPU
		{C3B47263-8752-4B3A-9666-B502C387221A}.Release|Any CPU.ActiveCfg = Release|Any CPU
		{C3B47263-8752-4B3A-9666-B502C387221A}.Release|Any CPU.Build.0 = Release|Any CPU
		{C6359660-7D0C-4974-987A-E9F949952B1B}.Debug|Any CPU.ActiveCfg = Debug|Any CPU
		{C6359660-7D0C-4974-987A-E9F949952B1B}.Debug|Any CPU.Build.0 = Debug|Any CPU
		{C6359660-7D0C-4974-987A-E9F949952B1B}.Release|Any CPU.ActiveCfg = Release|Any CPU
		{C6359660-7D0C-4974-987A-E9F949952B1B}.Release|Any CPU.Build.0 = Release|Any CPU
		{9257A653-94EE-45E9-9993-3BC9EA52DB71}.Debug|Any CPU.ActiveCfg = Debug|Any CPU
		{9257A653-94EE-45E9-9993-3BC9EA52DB71}.Debug|Any CPU.Build.0 = Debug|Any CPU
		{9257A653-94EE-45E9-9993-3BC9EA52DB71}.Release|Any CPU.ActiveCfg = Release|Any CPU
		{9257A653-94EE-45E9-9993-3BC9EA52DB71}.Release|Any CPU.Build.0 = Release|Any CPU
	EndGlobalSection
	GlobalSection(SolutionProperties) = preSolution
		HideSolutionNode = FALSE
	EndGlobalSection
	GlobalSection(ExtensibilityGlobals) = postSolution
		SolutionGuid = {AD0E2BDC-8709-405D-BED4-717DD3BE1180}
	EndGlobalSection
EndGlobal
